// !$*UTF8*$!
{
	archiveVersion = 1;
	classes = {
	};
	objectVersion = 50;
	objects = {

/* Begin PBXBuildFile section */
		0423C78025FE577D0001D577 /* ApZooApp.swift in Sources */ = {isa = PBXBuildFile; fileRef = 0423C77F25FE577D0001D577 /* ApZooApp.swift */; };
		0423C78225FE577D0001D577 /* ContentView.swift in Sources */ = {isa = PBXBuildFile; fileRef = 0423C78125FE577D0001D577 /* ContentView.swift */; };
		0423C78425FE577F0001D577 /* Assets.xcassets in Resources */ = {isa = PBXBuildFile; fileRef = 0423C78325FE577F0001D577 /* Assets.xcassets */; };
		0423C78725FE577F0001D577 /* Preview Assets.xcassets in Resources */ = {isa = PBXBuildFile; fileRef = 0423C78625FE577F0001D577 /* Preview Assets.xcassets */; };
		0423C79225FE577F0001D577 /* ApZooTests.swift in Sources */ = {isa = PBXBuildFile; fileRef = 0423C79125FE577F0001D577 /* ApZooTests.swift */; };
		0423C79D25FE577F0001D577 /* ApZooUITests.swift in Sources */ = {isa = PBXBuildFile; fileRef = 0423C79C25FE577F0001D577 /* ApZooUITests.swift */; };
		04295629261E064600137071 /* WorkerDetailsView.swift in Sources */ = {isa = PBXBuildFile; fileRef = 04295628261E064600137071 /* WorkerDetailsView.swift */; };
		0429562E261E068000137071 /* SelectionView.swift in Sources */ = {isa = PBXBuildFile; fileRef = 0429562D261E068000137071 /* SelectionView.swift */; };
		04295633261E06D600137071 /* TasksView.swift in Sources */ = {isa = PBXBuildFile; fileRef = 04295632261E06D600137071 /* TasksView.swift */; };
		045C98EE267CB031006196D5 /* WorkerView.swift in Sources */ = {isa = PBXBuildFile; fileRef = 045C98ED267CB031006196D5 /* WorkerView.swift */; };
		04BC9400266BAA4E00FACD1E /* Worker.swift in Sources */ = {isa = PBXBuildFile; fileRef = 04BC93FF266BAA4E00FACD1E /* Worker.swift */; };
		04BC9405266BAA7A00FACD1E /* Task.swift in Sources */ = {isa = PBXBuildFile; fileRef = 04BC9404266BAA7A00FACD1E /* Task.swift */; };
		04BC940A266BAB2700FACD1E /* WorkerBlock.swift in Sources */ = {isa = PBXBuildFile; fileRef = 04BC9409266BAB2700FACD1E /* WorkerBlock.swift */; };
		04DA88122672A5C9009074A7 /* ChooseView.swift in Sources */ = {isa = PBXBuildFile; fileRef = 04DA88112672A5C9009074A7 /* ChooseView.swift */; };
		04DD30DD2620ADB5001970CC /* WorkersView.swift in Sources */ = {isa = PBXBuildFile; fileRef = 04DD30DC2620ADB5001970CC /* WorkersView.swift */; };
		04FC9402265EF224008DDFDC /* ColorScheme.swift in Sources */ = {isa = PBXBuildFile; fileRef = 043DF47C26594B14005C4F77 /* ColorScheme.swift */; };
/* End PBXBuildFile section */

/* Begin PBXContainerItemProxy section */
		0423C78E25FE577F0001D577 /* PBXContainerItemProxy */ = {
			isa = PBXContainerItemProxy;
			containerPortal = 0423C77425FE577D0001D577 /* Project object */;
			proxyType = 1;
			remoteGlobalIDString = 0423C77B25FE577D0001D577;
			remoteInfo = ApZoo;
		};
		0423C79925FE577F0001D577 /* PBXContainerItemProxy */ = {
			isa = PBXContainerItemProxy;
			containerPortal = 0423C77425FE577D0001D577 /* Project object */;
			proxyType = 1;
			remoteGlobalIDString = 0423C77B25FE577D0001D577;
			remoteInfo = ApZoo;
		};
/* End PBXContainerItemProxy section */

/* Begin PBXFileReference section */
		0423C77C25FE577D0001D577 /* ApZoo.app */ = {isa = PBXFileReference; explicitFileType = wrapper.application; includeInIndex = 0; path = ApZoo.app; sourceTree = BUILT_PRODUCTS_DIR; };
		0423C77F25FE577D0001D577 /* ApZooApp.swift */ = {isa = PBXFileReference; lastKnownFileType = sourcecode.swift; path = ApZooApp.swift; sourceTree = "<group>"; };
		0423C78125FE577D0001D577 /* ContentView.swift */ = {isa = PBXFileReference; lastKnownFileType = sourcecode.swift; path = ContentView.swift; sourceTree = "<group>"; };
		0423C78325FE577F0001D577 /* Assets.xcassets */ = {isa = PBXFileReference; lastKnownFileType = folder.assetcatalog; path = Assets.xcassets; sourceTree = "<group>"; };
		0423C78625FE577F0001D577 /* Preview Assets.xcassets */ = {isa = PBXFileReference; lastKnownFileType = folder.assetcatalog; path = "Preview Assets.xcassets"; sourceTree = "<group>"; };
		0423C78825FE577F0001D577 /* Info.plist */ = {isa = PBXFileReference; lastKnownFileType = text.plist.xml; path = Info.plist; sourceTree = "<group>"; };
		0423C78D25FE577F0001D577 /* ApZooTests.xctest */ = {isa = PBXFileReference; explicitFileType = wrapper.cfbundle; includeInIndex = 0; path = ApZooTests.xctest; sourceTree = BUILT_PRODUCTS_DIR; };
		0423C79125FE577F0001D577 /* ApZooTests.swift */ = {isa = PBXFileReference; lastKnownFileType = sourcecode.swift; path = ApZooTests.swift; sourceTree = "<group>"; };
		0423C79325FE577F0001D577 /* Info.plist */ = {isa = PBXFileReference; lastKnownFileType = text.plist.xml; path = Info.plist; sourceTree = "<group>"; };
		0423C79825FE577F0001D577 /* ApZooUITests.xctest */ = {isa = PBXFileReference; explicitFileType = wrapper.cfbundle; includeInIndex = 0; path = ApZooUITests.xctest; sourceTree = BUILT_PRODUCTS_DIR; };
		0423C79C25FE577F0001D577 /* ApZooUITests.swift */ = {isa = PBXFileReference; lastKnownFileType = sourcecode.swift; path = ApZooUITests.swift; sourceTree = "<group>"; };
		0423C79E25FE577F0001D577 /* Info.plist */ = {isa = PBXFileReference; lastKnownFileType = text.plist.xml; path = Info.plist; sourceTree = "<group>"; };
		04295628261E064600137071 /* WorkerDetailsView.swift */ = {isa = PBXFileReference; lastKnownFileType = sourcecode.swift; path = WorkerDetailsView.swift; sourceTree = "<group>"; };
		0429562D261E068000137071 /* SelectionView.swift */ = {isa = PBXFileReference; lastKnownFileType = sourcecode.swift; path = SelectionView.swift; sourceTree = "<group>"; };
		04295632261E06D600137071 /* TasksView.swift */ = {isa = PBXFileReference; lastKnownFileType = sourcecode.swift; path = TasksView.swift; sourceTree = "<group>"; };
		043DF47C26594B14005C4F77 /* ColorScheme.swift */ = {isa = PBXFileReference; lastKnownFileType = sourcecode.swift; path = ColorScheme.swift; sourceTree = "<group>"; };
		045C98ED267CB031006196D5 /* WorkerView.swift */ = {isa = PBXFileReference; lastKnownFileType = sourcecode.swift; path = WorkerView.swift; sourceTree = "<group>"; };
		04BC93FF266BAA4E00FACD1E /* Worker.swift */ = {isa = PBXFileReference; lastKnownFileType = sourcecode.swift; path = Worker.swift; sourceTree = "<group>"; };
		04BC9404266BAA7A00FACD1E /* Task.swift */ = {isa = PBXFileReference; lastKnownFileType = sourcecode.swift; path = Task.swift; sourceTree = "<group>"; };
		04BC9409266BAB2700FACD1E /* WorkerBlock.swift */ = {isa = PBXFileReference; lastKnownFileType = sourcecode.swift; path = WorkerBlock.swift; sourceTree = "<group>"; };
		04DA88112672A5C9009074A7 /* ChooseView.swift */ = {isa = PBXFileReference; lastKnownFileType = sourcecode.swift; path = ChooseView.swift; sourceTree = "<group>"; };
		04DD30DC2620ADB5001970CC /* WorkersView.swift */ = {isa = PBXFileReference; lastKnownFileType = sourcecode.swift; path = WorkersView.swift; sourceTree = "<group>"; };
/* End PBXFileReference section */

/* Begin PBXFrameworksBuildPhase section */
		0423C77925FE577D0001D577 /* Frameworks */ = {
			isa = PBXFrameworksBuildPhase;
			buildActionMask = 2147483647;
			files = (
			);
			runOnlyForDeploymentPostprocessing = 0;
		};
		0423C78A25FE577F0001D577 /* Frameworks */ = {
			isa = PBXFrameworksBuildPhase;
			buildActionMask = 2147483647;
			files = (
			);
			runOnlyForDeploymentPostprocessing = 0;
		};
		0423C79525FE577F0001D577 /* Frameworks */ = {
			isa = PBXFrameworksBuildPhase;
			buildActionMask = 2147483647;
			files = (
			);
			runOnlyForDeploymentPostprocessing = 0;
		};
/* End PBXFrameworksBuildPhase section */

/* Begin PBXGroup section */
		0423C77325FE577D0001D577 = {
			isa = PBXGroup;
			children = (
				0423C77E25FE577D0001D577 /* ApZoo */,
				0423C79025FE577F0001D577 /* ApZooTests */,
				0423C79B25FE577F0001D577 /* ApZooUITests */,
				0423C77D25FE577D0001D577 /* Products */,
			);
			sourceTree = "<group>";
		};
		0423C77D25FE577D0001D577 /* Products */ = {
			isa = PBXGroup;
			children = (
				0423C77C25FE577D0001D577 /* ApZoo.app */,
				0423C78D25FE577F0001D577 /* ApZooTests.xctest */,
				0423C79825FE577F0001D577 /* ApZooUITests.xctest */,
			);
			name = Products;
			sourceTree = "<group>";
		};
		0423C77E25FE577D0001D577 /* ApZoo */ = {
			isa = PBXGroup;
			children = (
				04BC93FB266BA64E00FACD1E /* Views */,
				04BC93FA266BA62700FACD1E /* Model */,
				0423C77F25FE577D0001D577 /* ApZooApp.swift */,
				0423C78125FE577D0001D577 /* ContentView.swift */,
				045C98ED267CB031006196D5 /* WorkerView.swift */,
				0429562D261E068000137071 /* SelectionView.swift */,
				0423C78325FE577F0001D577 /* Assets.xcassets */,
				0423C78825FE577F0001D577 /* Info.plist */,
				0423C78525FE577F0001D577 /* Preview Content */,
			);
			path = ApZoo;
			sourceTree = "<group>";
		};
		0423C78525FE577F0001D577 /* Preview Content */ = {
			isa = PBXGroup;
			children = (
				0423C78625FE577F0001D577 /* Preview Assets.xcassets */,
			);
			path = "Preview Content";
			sourceTree = "<group>";
		};
		0423C79025FE577F0001D577 /* ApZooTests */ = {
			isa = PBXGroup;
			children = (
				0423C79125FE577F0001D577 /* ApZooTests.swift */,
				0423C79325FE577F0001D577 /* Info.plist */,
			);
			path = ApZooTests;
			sourceTree = "<group>";
		};
		0423C79B25FE577F0001D577 /* ApZooUITests */ = {
			isa = PBXGroup;
			children = (
				0423C79C25FE577F0001D577 /* ApZooUITests.swift */,
				0423C79E25FE577F0001D577 /* Info.plist */,
			);
			path = ApZooUITests;
			sourceTree = "<group>";
		};
		04BC93FA266BA62700FACD1E /* Model */ = {
			isa = PBXGroup;
			children = (
				043DF47C26594B14005C4F77 /* ColorScheme.swift */,
				04BC93FF266BAA4E00FACD1E /* Worker.swift */,
				04BC9404266BAA7A00FACD1E /* Task.swift */,
			);
			path = Model;
			sourceTree = "<group>";
		};
		04BC93FB266BA64E00FACD1E /* Views */ = {
			isa = PBXGroup;
			children = (
				04DD30DC2620ADB5001970CC /* WorkersView.swift */,
				04295628261E064600137071 /* WorkerDetailsView.swift */,
				04BC9409266BAB2700FACD1E /* WorkerBlock.swift */,
				04295632261E06D600137071 /* TasksView.swift */,
				04DA88112672A5C9009074A7 /* ChooseView.swift */,
			);
			path = Views;
			sourceTree = "<group>";
		};
/* End PBXGroup section */

/* Begin PBXNativeTarget section */
		0423C77B25FE577D0001D577 /* ApZoo */ = {
			isa = PBXNativeTarget;
			buildConfigurationList = 0423C7A125FE577F0001D577 /* Build configuration list for PBXNativeTarget "ApZoo" */;
			buildPhases = (
				0423C77825FE577D0001D577 /* Sources */,
				0423C77925FE577D0001D577 /* Frameworks */,
				0423C77A25FE577D0001D577 /* Resources */,
			);
			buildRules = (
			);
			dependencies = (
			);
			name = ApZoo;
			productName = ApZoo;
			productReference = 0423C77C25FE577D0001D577 /* ApZoo.app */;
			productType = "com.apple.product-type.application";
		};
		0423C78C25FE577F0001D577 /* ApZooTests */ = {
			isa = PBXNativeTarget;
			buildConfigurationList = 0423C7A425FE577F0001D577 /* Build configuration list for PBXNativeTarget "ApZooTests" */;
			buildPhases = (
				0423C78925FE577F0001D577 /* Sources */,
				0423C78A25FE577F0001D577 /* Frameworks */,
				0423C78B25FE577F0001D577 /* Resources */,
			);
			buildRules = (
			);
			dependencies = (
				0423C78F25FE577F0001D577 /* PBXTargetDependency */,
			);
			name = ApZooTests;
			productName = ApZooTests;
			productReference = 0423C78D25FE577F0001D577 /* ApZooTests.xctest */;
			productType = "com.apple.product-type.bundle.unit-test";
		};
		0423C79725FE577F0001D577 /* ApZooUITests */ = {
			isa = PBXNativeTarget;
			buildConfigurationList = 0423C7A725FE577F0001D577 /* Build configuration list for PBXNativeTarget "ApZooUITests" */;
			buildPhases = (
				0423C79425FE577F0001D577 /* Sources */,
				0423C79525FE577F0001D577 /* Frameworks */,
				0423C79625FE577F0001D577 /* Resources */,
			);
			buildRules = (
			);
			dependencies = (
				0423C79A25FE577F0001D577 /* PBXTargetDependency */,
			);
			name = ApZooUITests;
			productName = ApZooUITests;
			productReference = 0423C79825FE577F0001D577 /* ApZooUITests.xctest */;
			productType = "com.apple.product-type.bundle.ui-testing";
		};
/* End PBXNativeTarget section */

/* Begin PBXProject section */
		0423C77425FE577D0001D577 /* Project object */ = {
			isa = PBXProject;
			attributes = {
				LastSwiftUpdateCheck = 1240;
				LastUpgradeCheck = 1240;
				TargetAttributes = {
					0423C77B25FE577D0001D577 = {
						CreatedOnToolsVersion = 12.4;
					};
					0423C78C25FE577F0001D577 = {
						CreatedOnToolsVersion = 12.4;
						TestTargetID = 0423C77B25FE577D0001D577;
					};
					0423C79725FE577F0001D577 = {
						CreatedOnToolsVersion = 12.4;
						TestTargetID = 0423C77B25FE577D0001D577;
					};
				};
			};
			buildConfigurationList = 0423C77725FE577D0001D577 /* Build configuration list for PBXProject "ApZoo" */;
			compatibilityVersion = "Xcode 9.3";
			developmentRegion = en;
			hasScannedForEncodings = 0;
			knownRegions = (
				en,
				Base,
			);
			mainGroup = 0423C77325FE577D0001D577;
			productRefGroup = 0423C77D25FE577D0001D577 /* Products */;
			projectDirPath = "";
			projectRoot = "";
			targets = (
				0423C77B25FE577D0001D577 /* ApZoo */,
				0423C78C25FE577F0001D577 /* ApZooTests */,
				0423C79725FE577F0001D577 /* ApZooUITests */,
			);
		};
/* End PBXProject section */

/* Begin PBXResourcesBuildPhase section */
		0423C77A25FE577D0001D577 /* Resources */ = {
			isa = PBXResourcesBuildPhase;
			buildActionMask = 2147483647;
			files = (
				0423C78725FE577F0001D577 /* Preview Assets.xcassets in Resources */,
				0423C78425FE577F0001D577 /* Assets.xcassets in Resources */,
			);
			runOnlyForDeploymentPostprocessing = 0;
		};
		0423C78B25FE577F0001D577 /* Resources */ = {
			isa = PBXResourcesBuildPhase;
			buildActionMask = 2147483647;
			files = (
			);
			runOnlyForDeploymentPostprocessing = 0;
		};
		0423C79625FE577F0001D577 /* Resources */ = {
			isa = PBXResourcesBuildPhase;
			buildActionMask = 2147483647;
			files = (
			);
			runOnlyForDeploymentPostprocessing = 0;
		};
/* End PBXResourcesBuildPhase section */

/* Begin PBXSourcesBuildPhase section */
		0423C77825FE577D0001D577 /* Sources */ = {
			isa = PBXSourcesBuildPhase;
			buildActionMask = 2147483647;
			files = (
				0423C78225FE577D0001D577 /* ContentView.swift in Sources */,
				04FC9402265EF224008DDFDC /* ColorScheme.swift in Sources */,
				04BC9405266BAA7A00FACD1E /* Task.swift in Sources */,
				04BC940A266BAB2700FACD1E /* WorkerBlock.swift in Sources */,
				04DA88122672A5C9009074A7 /* ChooseView.swift in Sources */,
				04295629261E064600137071 /* WorkerDetailsView.swift in Sources */,
				04BC9400266BAA4E00FACD1E /* Worker.swift in Sources */,
				0423C78025FE577D0001D577 /* ApZooApp.swift in Sources */,
				045C98EE267CB031006196D5 /* WorkerView.swift in Sources */,
				0429562E261E068000137071 /* SelectionView.swift in Sources */,
				04DD30DD2620ADB5001970CC /* WorkersView.swift in Sources */,
				04295633261E06D600137071 /* TasksView.swift in Sources */,
			);
			runOnlyForDeploymentPostprocessing = 0;
		};
		0423C78925FE577F0001D577 /* Sources */ = {
			isa = PBXSourcesBuildPhase;
			buildActionMask = 2147483647;
			files = (
				0423C79225FE577F0001D577 /* ApZooTests.swift in Sources */,
			);
			runOnlyForDeploymentPostprocessing = 0;
		};
		0423C79425FE577F0001D577 /* Sources */ = {
			isa = PBXSourcesBuildPhase;
			buildActionMask = 2147483647;
			files = (
				0423C79D25FE577F0001D577 /* ApZooUITests.swift in Sources */,
			);
			runOnlyForDeploymentPostprocessing = 0;
		};
/* End PBXSourcesBuildPhase section */

/* Begin PBXTargetDependency section */
		0423C78F25FE577F0001D577 /* PBXTargetDependency */ = {
			isa = PBXTargetDependency;
			target = 0423C77B25FE577D0001D577 /* ApZoo */;
			targetProxy = 0423C78E25FE577F0001D577 /* PBXContainerItemProxy */;
		};
		0423C79A25FE577F0001D577 /* PBXTargetDependency */ = {
			isa = PBXTargetDependency;
			target = 0423C77B25FE577D0001D577 /* ApZoo */;
			targetProxy = 0423C79925FE577F0001D577 /* PBXContainerItemProxy */;
		};
/* End PBXTargetDependency section */

/* Begin XCBuildConfiguration section */
		0423C79F25FE577F0001D577 /* Debug */ = {
			isa = XCBuildConfiguration;
			buildSettings = {
				ALWAYS_SEARCH_USER_PATHS = NO;
				CLANG_ANALYZER_NONNULL = YES;
				CLANG_ANALYZER_NUMBER_OBJECT_CONVERSION = YES_AGGRESSIVE;
				CLANG_CXX_LANGUAGE_STANDARD = "gnu++14";
				CLANG_CXX_LIBRARY = "libc++";
				CLANG_ENABLE_MODULES = YES;
				CLANG_ENABLE_OBJC_ARC = YES;
				CLANG_ENABLE_OBJC_WEAK = YES;
				CLANG_WARN_BLOCK_CAPTURE_AUTORELEASING = YES;
				CLANG_WARN_BOOL_CONVERSION = YES;
				CLANG_WARN_COMMA = YES;
				CLANG_WARN_CONSTANT_CONVERSION = YES;
				CLANG_WARN_DEPRECATED_OBJC_IMPLEMENTATIONS = YES;
				CLANG_WARN_DIRECT_OBJC_ISA_USAGE = YES_ERROR;
				CLANG_WARN_DOCUMENTATION_COMMENTS = YES;
				CLANG_WARN_EMPTY_BODY = YES;
				CLANG_WARN_ENUM_CONVERSION = YES;
				CLANG_WARN_INFINITE_RECURSION = YES;
				CLANG_WARN_INT_CONVERSION = YES;
				CLANG_WARN_NON_LITERAL_NULL_CONVERSION = YES;
				CLANG_WARN_OBJC_IMPLICIT_RETAIN_SELF = YES;
				CLANG_WARN_OBJC_LITERAL_CONVERSION = YES;
				CLANG_WARN_OBJC_ROOT_CLASS = YES_ERROR;
				CLANG_WARN_QUOTED_INCLUDE_IN_FRAMEWORK_HEADER = YES;
				CLANG_WARN_RANGE_LOOP_ANALYSIS = YES;
				CLANG_WARN_STRICT_PROTOTYPES = YES;
				CLANG_WARN_SUSPICIOUS_MOVE = YES;
				CLANG_WARN_UNGUARDED_AVAILABILITY = YES_AGGRESSIVE;
				CLANG_WARN_UNREACHABLE_CODE = YES;
				CLANG_WARN__DUPLICATE_METHOD_MATCH = YES;
				COPY_PHASE_STRIP = NO;
				DEBUG_INFORMATION_FORMAT = dwarf;
				ENABLE_STRICT_OBJC_MSGSEND = YES;
				ENABLE_TESTABILITY = YES;
				GCC_C_LANGUAGE_STANDARD = gnu11;
				GCC_DYNAMIC_NO_PIC = NO;
				GCC_NO_COMMON_BLOCKS = YES;
				GCC_OPTIMIZATION_LEVEL = 0;
				GCC_PREPROCESSOR_DEFINITIONS = (
					"DEBUG=1",
					"$(inherited)",
				);
				GCC_WARN_64_TO_32_BIT_CONVERSION = YES;
				GCC_WARN_ABOUT_RETURN_TYPE = YES_ERROR;
				GCC_WARN_UNDECLARED_SELECTOR = YES;
				GCC_WARN_UNINITIALIZED_AUTOS = YES_AGGRESSIVE;
				GCC_WARN_UNUSED_FUNCTION = YES;
				GCC_WARN_UNUSED_VARIABLE = YES;
				IPHONEOS_DEPLOYMENT_TARGET = 14.4;
				MTL_ENABLE_DEBUG_INFO = INCLUDE_SOURCE;
				MTL_FAST_MATH = YES;
				ONLY_ACTIVE_ARCH = YES;
				SDKROOT = iphoneos;
				SWIFT_ACTIVE_COMPILATION_CONDITIONS = DEBUG;
				SWIFT_OPTIMIZATION_LEVEL = "-Onone";
			};
			name = Debug;
		};
		0423C7A025FE577F0001D577 /* Release */ = {
			isa = XCBuildConfiguration;
			buildSettings = {
				ALWAYS_SEARCH_USER_PATHS = NO;
				CLANG_ANALYZER_NONNULL = YES;
				CLANG_ANALYZER_NUMBER_OBJECT_CONVERSION = YES_AGGRESSIVE;
				CLANG_CXX_LANGUAGE_STANDARD = "gnu++14";
				CLANG_CXX_LIBRARY = "libc++";
				CLANG_ENABLE_MODULES = YES;
				CLANG_ENABLE_OBJC_ARC = YES;
				CLANG_ENABLE_OBJC_WEAK = YES;
				CLANG_WARN_BLOCK_CAPTURE_AUTORELEASING = YES;
				CLANG_WARN_BOOL_CONVERSION = YES;
				CLANG_WARN_COMMA = YES;
				CLANG_WARN_CONSTANT_CONVERSION = YES;
				CLANG_WARN_DEPRECATED_OBJC_IMPLEMENTATIONS = YES;
				CLANG_WARN_DIRECT_OBJC_ISA_USAGE = YES_ERROR;
				CLANG_WARN_DOCUMENTATION_COMMENTS = YES;
				CLANG_WARN_EMPTY_BODY = YES;
				CLANG_WARN_ENUM_CONVERSION = YES;
				CLANG_WARN_INFINITE_RECURSION = YES;
				CLANG_WARN_INT_CONVERSION = YES;
				CLANG_WARN_NON_LITERAL_NULL_CONVERSION = YES;
				CLANG_WARN_OBJC_IMPLICIT_RETAIN_SELF = YES;
				CLANG_WARN_OBJC_LITERAL_CONVERSION = YES;
				CLANG_WARN_OBJC_ROOT_CLASS = YES_ERROR;
				CLANG_WARN_QUOTED_INCLUDE_IN_FRAMEWORK_HEADER = YES;
				CLANG_WARN_RANGE_LOOP_ANALYSIS = YES;
				CLANG_WARN_STRICT_PROTOTYPES = YES;
				CLANG_WARN_SUSPICIOUS_MOVE = YES;
				CLANG_WARN_UNGUARDED_AVAILABILITY = YES_AGGRESSIVE;
				CLANG_WARN_UNREACHABLE_CODE = YES;
				CLANG_WARN__DUPLICATE_METHOD_MATCH = YES;
				COPY_PHASE_STRIP = NO;
				DEBUG_INFORMATION_FORMAT = "dwarf-with-dsym";
				ENABLE_NS_ASSERTIONS = NO;
				ENABLE_STRICT_OBJC_MSGSEND = YES;
				GCC_C_LANGUAGE_STANDARD = gnu11;
				GCC_NO_COMMON_BLOCKS = YES;
				GCC_WARN_64_TO_32_BIT_CONVERSION = YES;
				GCC_WARN_ABOUT_RETURN_TYPE = YES_ERROR;
				GCC_WARN_UNDECLARED_SELECTOR = YES;
				GCC_WARN_UNINITIALIZED_AUTOS = YES_AGGRESSIVE;
				GCC_WARN_UNUSED_FUNCTION = YES;
				GCC_WARN_UNUSED_VARIABLE = YES;
				IPHONEOS_DEPLOYMENT_TARGET = 14.4;
				MTL_ENABLE_DEBUG_INFO = NO;
				MTL_FAST_MATH = YES;
				SDKROOT = iphoneos;
				SWIFT_COMPILATION_MODE = wholemodule;
				SWIFT_OPTIMIZATION_LEVEL = "-O";
				VALIDATE_PRODUCT = YES;
			};
			name = Release;
		};
		0423C7A225FE577F0001D577 /* Debug */ = {
			isa = XCBuildConfiguration;
			buildSettings = {
				ASSETCATALOG_COMPILER_APPICON_NAME = AppIcon;
				ASSETCATALOG_COMPILER_GLOBAL_ACCENT_COLOR_NAME = AccentColor;
				CODE_SIGN_STYLE = Automatic;
				DEVELOPMENT_ASSET_PATHS = "\"ApZoo/Preview Content\"";
				DEVELOPMENT_TEAM = AL8F636F79;
				ENABLE_PREVIEWS = YES;
				INFOPLIST_FILE = ApZoo/Info.plist;
				IPHONEOS_DEPLOYMENT_TARGET = 14.4;
				LD_RUNPATH_SEARCH_PATHS = (
					"$(inherited)",
					"@executable_path/Frameworks",
				);
				PRODUCT_BUNDLE_IDENTIFIER = pablo.prodakszyn.ApZoo;
				PRODUCT_NAME = "$(TARGET_NAME)";
				SWIFT_VERSION = 5.0;
				TARGETED_DEVICE_FAMILY = "1,2";
			};
			name = Debug;
		};
		0423C7A325FE577F0001D577 /* Release */ = {
			isa = XCBuildConfiguration;
			buildSettings = {
				ASSETCATALOG_COMPILER_APPICON_NAME = AppIcon;
				ASSETCATALOG_COMPILER_GLOBAL_ACCENT_COLOR_NAME = AccentColor;
				CODE_SIGN_STYLE = Automatic;
				DEVELOPMENT_ASSET_PATHS = "\"ApZoo/Preview Content\"";
				DEVELOPMENT_TEAM = AL8F636F79;
				ENABLE_PREVIEWS = YES;
				INFOPLIST_FILE = ApZoo/Info.plist;
				IPHONEOS_DEPLOYMENT_TARGET = 14.4;
				LD_RUNPATH_SEARCH_PATHS = (
					"$(inherited)",
					"@executable_path/Frameworks",
				);
				PRODUCT_BUNDLE_IDENTIFIER = pablo.prodakszyn.ApZoo;
				PRODUCT_NAME = "$(TARGET_NAME)";
				SWIFT_VERSION = 5.0;
				TARGETED_DEVICE_FAMILY = "1,2";
			};
			name = Release;
		};
		0423C7A525FE577F0001D577 /* Debug */ = {
			isa = XCBuildConfiguration;
			buildSettings = {
				ALWAYS_EMBED_SWIFT_STANDARD_LIBRARIES = YES;
				BUNDLE_LOADER = "$(TEST_HOST)";
				CODE_SIGN_STYLE = Automatic;
				DEVELOPMENT_TEAM = AL8F636F79;
				INFOPLIST_FILE = ApZooTests/Info.plist;
				IPHONEOS_DEPLOYMENT_TARGET = 14.0;
				LD_RUNPATH_SEARCH_PATHS = (
					"$(inherited)",
					"@executable_path/Frameworks",
					"@loader_path/Frameworks",
				);
				PRODUCT_BUNDLE_IDENTIFIER = pablo.prodakszyn.ApZooTests;
				PRODUCT_NAME = "$(TARGET_NAME)";
				SWIFT_VERSION = 5.0;
				TARGETED_DEVICE_FAMILY = "1,2";
				TEST_HOST = "$(BUILT_PRODUCTS_DIR)/ApZoo.app/ApZoo";
			};
			name = Debug;
		};
		0423C7A625FE577F0001D577 /* Release */ = {
			isa = XCBuildConfiguration;
			buildSettings = {
				ALWAYS_EMBED_SWIFT_STANDARD_LIBRARIES = YES;
				BUNDLE_LOADER = "$(TEST_HOST)";
				CODE_SIGN_STYLE = Automatic;
				DEVELOPMENT_TEAM = AL8F636F79;
				INFOPLIST_FILE = ApZooTests/Info.plist;
				IPHONEOS_DEPLOYMENT_TARGET = 14.0;
				LD_RUNPATH_SEARCH_PATHS = (
					"$(inherited)",
					"@executable_path/Frameworks",
					"@loader_path/Frameworks",
				);
				PRODUCT_BUNDLE_IDENTIFIER = pablo.prodakszyn.ApZooTests;
				PRODUCT_NAME = "$(TARGET_NAME)";
				SWIFT_VERSION = 5.0;
				TARGETED_DEVICE_FAMILY = "1,2";
				TEST_HOST = "$(BUILT_PRODUCTS_DIR)/ApZoo.app/ApZoo";
			};
			name = Release;
		};
		0423C7A825FE577F0001D577 /* Debug */ = {
			isa = XCBuildConfiguration;
			buildSettings = {
				ALWAYS_EMBED_SWIFT_STANDARD_LIBRARIES = YES;
				CODE_SIGN_STYLE = Automatic;
				DEVELOPMENT_TEAM = AL8F636F79;
				INFOPLIST_FILE = ApZooUITests/Info.plist;
				LD_RUNPATH_SEARCH_PATHS = (
					"$(inherited)",
					"@executable_path/Frameworks",
					"@loader_path/Frameworks",
				);
				PRODUCT_BUNDLE_IDENTIFIER = pablo.prodakszyn.ApZooUITests;
				PRODUCT_NAME = "$(TARGET_NAME)";
				SWIFT_VERSION = 5.0;
				TARGETED_DEVICE_FAMILY = "1,2";
				TEST_TARGET_NAME = ApZoo;
			};
			name = Debug;
		};
		0423C7A925FE577F0001D577 /* Release */ = {
			isa = XCBuildConfiguration;
			buildSettings = {
				ALWAYS_EMBED_SWIFT_STANDARD_LIBRARIES = YES;
				CODE_SIGN_STYLE = Automatic;
				DEVELOPMENT_TEAM = AL8F636F79;
				INFOPLIST_FILE = ApZooUITests/Info.plist;
				LD_RUNPATH_SEARCH_PATHS = (
					"$(inherited)",
					"@executable_path/Frameworks",
					"@loader_path/Frameworks",
				);
				PRODUCT_BUNDLE_IDENTIFIER = pablo.prodakszyn.ApZooUITests;
				PRODUCT_NAME = "$(TARGET_NAME)";
				SWIFT_VERSION = 5.0;
				TARGETED_DEVICE_FAMILY = "1,2";
				TEST_TARGET_NAME = ApZoo;
			};
			name = Release;
		};
/* End XCBuildConfiguration section */

/* Begin XCConfigurationList section */
		0423C77725FE577D0001D577 /* Build configuration list for PBXProject "ApZoo" */ = {
			isa = XCConfigurationList;
			buildConfigurations = (
				0423C79F25FE577F0001D577 /* Debug */,
				0423C7A025FE577F0001D577 /* Release */,
			);
			defaultConfigurationIsVisible = 0;
			defaultConfigurationName = Release;
		};
		0423C7A125FE577F0001D577 /* Build configuration list for PBXNativeTarget "ApZoo" */ = {
			isa = XCConfigurationList;
			buildConfigurations = (
				0423C7A225FE577F0001D577 /* Debug */,
				0423C7A325FE577F0001D577 /* Release */,
			);
			defaultConfigurationIsVisible = 0;
			defaultConfigurationName = Release;
		};
		0423C7A425FE577F0001D577 /* Build configuration list for PBXNativeTarget "ApZooTests" */ = {
			isa = XCConfigurationList;
			buildConfigurations = (
				0423C7A525FE577F0001D577 /* Debug */,
				0423C7A625FE577F0001D577 /* Release */,
			);
			defaultConfigurationIsVisible = 0;
			defaultConfigurationName = Release;
		};
		0423C7A725FE577F0001D577 /* Build configuration list for PBXNativeTarget "ApZooUITests" */ = {
			isa = XCConfigurationList;
			buildConfigurations = (
				0423C7A825FE577F0001D577 /* Debug */,
				0423C7A925FE577F0001D577 /* Release */,
			);
			defaultConfigurationIsVisible = 0;
			defaultConfigurationName = Release;
		};
/* End XCConfigurationList section */
	};
	rootObject = 0423C77425FE577D0001D577 /* Project object */;
}
